{
    "_meta": {
        "hash": {
            "sha256": "126c58be22e36fcbe470b4cdf7fd677296333f6525393aed2c9a414f7057ed8c"
        },
        "pipfile-spec": 6,
        "requires": {},
        "sources": [
            {
                "name": "pypi",
                "url": "https://pypi.org/simple",
                "verify_ssl": true
            }
        ]
    },
    "default": {},
    "develop": {
        "m3u8tool": {
            "editable": true,
            "path": "."
        }
    }
}
